
Microsoft Visual Studio Solution File, Format Version 12.00
# Visual Studio Version 17
VisualStudioVersion = 17.6.33417.168
MinimumVisualStudioVersion = 10.0.40219.1
Project("{2150E333-8FDC-42A3-9474-1A3956D46DE8}") = "Services", "Services", "{97F9CA3F-AB88-4730-A987-9037686C6468}"
EndProject
Project("{2150E333-8FDC-42A3-9474-1A3956D46DE8}") = "Catalog", "Catalog", "{E04D7A31-320B-463E-898E-D4ACC3C4B76D}"
EndProject
Project("{9A19103F-16F7-4668-BE54-9A1E7A4F7556}") = "Catalog", "Services\Catalog\Catalog\Catalog.csproj", "{01CCB495-4C7F-46B4-BCF0-3406BD121F1E}"
EndProject
Project("{2150E333-8FDC-42A3-9474-1A3956D46DE8}") = "Solution Items", "Solution Items", "{2A1FB995-1032-4F6F-B0EC-2978E53495F1}"
	ProjectSection(SolutionItems) = preProject
		docker-commands.txt = docker-commands.txt
		Ports.txt = Ports.txt
	EndProjectSection
EndProject
Project("{2150E333-8FDC-42A3-9474-1A3956D46DE8}") = "Shared", "Shared", "{D6AF379D-40D4-46B5-812E-8DB80B528FD1}"
EndProject
Project("{2150E333-8FDC-42A3-9474-1A3956D46DE8}") = "IdentityServer", "IdentityServer", "{97EF9E75-2F10-4A64-B897-B12811D3795B}"
EndProject
Project("{9A19103F-16F7-4668-BE54-9A1E7A4F7556}") = "IdentityServer", "IdentityServer\IdentityServer\IdentityServer.csproj", "{3EC3F572-C6D3-4BE5-9EC7-6B27C8C03FF8}"
EndProject
Project("{9A19103F-16F7-4668-BE54-9A1E7A4F7556}") = "Shared", "Shared\Shared\Shared.csproj", "{9CD88696-9C7A-4572-B9A7-0C15799F4F14}"
EndProject
Project("{2150E333-8FDC-42A3-9474-1A3956D46DE8}") = "PhotoStock", "PhotoStock", "{72AC7825-6533-464A-9507-C497D2F894B4}"
EndProject
Project("{9A19103F-16F7-4668-BE54-9A1E7A4F7556}") = "PhotoStock", "Services\PhotoStock\PhotoStock\PhotoStock.csproj", "{C22CDD11-2E5D-41C2-8FEB-803A950631C0}"
EndProject
Project("{2150E333-8FDC-42A3-9474-1A3956D46DE8}") = "Basket", "Basket", "{EB30E9DB-25FB-4B2E-80E8-08D6080123F0}"
EndProject
Project("{9A19103F-16F7-4668-BE54-9A1E7A4F7556}") = "Basket", "Services\Basket\Basket\Basket.csproj", "{B19207D7-D691-432A-B0B3-033201EB8D2F}"
EndProject
Project("{2150E333-8FDC-42A3-9474-1A3956D46DE8}") = "Discount", "Discount", "{E64C6A41-BB15-47CF-ACB1-8D5DF1020F5D}"
EndProject
Project("{9A19103F-16F7-4668-BE54-9A1E7A4F7556}") = "Discount", "Services\Discount\Discount\Discount.csproj", "{AA1F29D6-7888-4BA5-AFF5-075772FB9312}"
EndProject
Project("{2150E333-8FDC-42A3-9474-1A3956D46DE8}") = "Order", "Order", "{B643B7BC-ED88-418B-AAB5-CB780D173278}"
EndProject
Project("{FAE04EC0-301F-11D3-BF4B-00C04F79EFBC}") = "Order.API", "Services\Order\Order.API\Order.API.csproj", "{EF89B5B8-D612-4EF7-93CF-10223DFD422A}"
EndProject
Project("{FAE04EC0-301F-11D3-BF4B-00C04F79EFBC}") = "Order.Application", "Services\Order\Order.Application\Order.Application.csproj", "{199A8524-2AEC-4B8C-A711-6BE924C620B4}"
EndProject
Project("{FAE04EC0-301F-11D3-BF4B-00C04F79EFBC}") = "Order.Domain", "Services\Order\Order.Domain\Order.Domain.csproj", "{5CC4714E-0A59-43FA-88A3-3D9A70C9E137}"
EndProject
Project("{FAE04EC0-301F-11D3-BF4B-00C04F79EFBC}") = "Order.Domain.Core", "Services\Order\Order.Domain.Core\Order.Domain.Core.csproj", "{3B808388-7EFD-4ED9-B4FC-578092EEE5C4}"
EndProject
Project("{FAE04EC0-301F-11D3-BF4B-00C04F79EFBC}") = "Order.Infrastructure", "Services\Order\Order.Infrastructure\Order.Infrastructure.csproj", "{9C69FA3A-75C7-4224-99FA-E69EBDB825F7}"
EndProject
Global
	GlobalSection(SolutionConfigurationPlatforms) = preSolution
		Debug|Any CPU = Debug|Any CPU
		Release|Any CPU = Release|Any CPU
	EndGlobalSection
	GlobalSection(ProjectConfigurationPlatforms) = postSolution
		{01CCB495-4C7F-46B4-BCF0-3406BD121F1E}.Debug|Any CPU.ActiveCfg = Debug|Any CPU
		{01CCB495-4C7F-46B4-BCF0-3406BD121F1E}.Debug|Any CPU.Build.0 = Debug|Any CPU
		{01CCB495-4C7F-46B4-BCF0-3406BD121F1E}.Release|Any CPU.ActiveCfg = Release|Any CPU
		{01CCB495-4C7F-46B4-BCF0-3406BD121F1E}.Release|Any CPU.Build.0 = Release|Any CPU
		{3EC3F572-C6D3-4BE5-9EC7-6B27C8C03FF8}.Debug|Any CPU.ActiveCfg = Debug|Any CPU
		{3EC3F572-C6D3-4BE5-9EC7-6B27C8C03FF8}.Debug|Any CPU.Build.0 = Debug|Any CPU
		{3EC3F572-C6D3-4BE5-9EC7-6B27C8C03FF8}.Release|Any CPU.ActiveCfg = Release|Any CPU
		{3EC3F572-C6D3-4BE5-9EC7-6B27C8C03FF8}.Release|Any CPU.Build.0 = Release|Any CPU
		{9CD88696-9C7A-4572-B9A7-0C15799F4F14}.Debug|Any CPU.ActiveCfg = Debug|Any CPU
		{9CD88696-9C7A-4572-B9A7-0C15799F4F14}.Debug|Any CPU.Build.0 = Debug|Any CPU
		{9CD88696-9C7A-4572-B9A7-0C15799F4F14}.Release|Any CPU.ActiveCfg = Release|Any CPU
		{9CD88696-9C7A-4572-B9A7-0C15799F4F14}.Release|Any CPU.Build.0 = Release|Any CPU
		{C22CDD11-2E5D-41C2-8FEB-803A950631C0}.Debug|Any CPU.ActiveCfg = Debug|Any CPU
		{C22CDD11-2E5D-41C2-8FEB-803A950631C0}.Debug|Any CPU.Build.0 = Debug|Any CPU
		{C22CDD11-2E5D-41C2-8FEB-803A950631C0}.Release|Any CPU.ActiveCfg = Release|Any CPU
		{C22CDD11-2E5D-41C2-8FEB-803A950631C0}.Release|Any CPU.Build.0 = Release|Any CPU
		{B19207D7-D691-432A-B0B3-033201EB8D2F}.Debug|Any CPU.ActiveCfg = Debug|Any CPU
		{B19207D7-D691-432A-B0B3-033201EB8D2F}.Debug|Any CPU.Build.0 = Debug|Any CPU
		{B19207D7-D691-432A-B0B3-033201EB8D2F}.Release|Any CPU.ActiveCfg = Release|Any CPU
		{B19207D7-D691-432A-B0B3-033201EB8D2F}.Release|Any CPU.Build.0 = Release|Any CPU
		{AA1F29D6-7888-4BA5-AFF5-075772FB9312}.Debug|Any CPU.ActiveCfg = Debug|Any CPU
		{AA1F29D6-7888-4BA5-AFF5-075772FB9312}.Debug|Any CPU.Build.0 = Debug|Any CPU
		{AA1F29D6-7888-4BA5-AFF5-075772FB9312}.Release|Any CPU.ActiveCfg = Release|Any CPU
		{AA1F29D6-7888-4BA5-AFF5-075772FB9312}.Release|Any CPU.Build.0 = Release|Any CPU
		{EF89B5B8-D612-4EF7-93CF-10223DFD422A}.Debug|Any CPU.ActiveCfg = Debug|Any CPU
		{EF89B5B8-D612-4EF7-93CF-10223DFD422A}.Debug|Any CPU.Build.0 = Debug|Any CPU
		{EF89B5B8-D612-4EF7-93CF-10223DFD422A}.Release|Any CPU.ActiveCfg = Release|Any CPU
		{EF89B5B8-D612-4EF7-93CF-10223DFD422A}.Release|Any CPU.Build.0 = Release|Any CPU
		{199A8524-2AEC-4B8C-A711-6BE924C620B4}.Debug|Any CPU.ActiveCfg = Debug|Any CPU
		{199A8524-2AEC-4B8C-A711-6BE924C620B4}.Debug|Any CPU.Build.0 = Debug|Any CPU
		{199A8524-2AEC-4B8C-A711-6BE924C620B4}.Release|Any CPU.ActiveCfg = Release|Any CPU
		{199A8524-2AEC-4B8C-A711-6BE924C620B4}.Release|Any CPU.Build.0 = Release|Any CPU
		{5CC4714E-0A59-43FA-88A3-3D9A70C9E137}.Debug|Any CPU.ActiveCfg = Debug|Any CPU
		{5CC4714E-0A59-43FA-88A3-3D9A70C9E137}.Debug|Any CPU.Build.0 = Debug|Any CPU
		{5CC4714E-0A59-43FA-88A3-3D9A70C9E137}.Release|Any CPU.ActiveCfg = Release|Any CPU
		{5CC4714E-0A59-43FA-88A3-3D9A70C9E137}.Release|Any CPU.Build.0 = Release|Any CPU
		{3B808388-7EFD-4ED9-B4FC-578092EEE5C4}.Debug|Any CPU.ActiveCfg = Debug|Any CPU
		{3B808388-7EFD-4ED9-B4FC-578092EEE5C4}.Debug|Any CPU.Build.0 = Debug|Any CPU
		{3B808388-7EFD-4ED9-B4FC-578092EEE5C4}.Release|Any CPU.ActiveCfg = Release|Any CPU
		{3B808388-7EFD-4ED9-B4FC-578092EEE5C4}.Release|Any CPU.Build.0 = Release|Any CPU
		{9C69FA3A-75C7-4224-99FA-E69EBDB825F7}.Debug|Any CPU.ActiveCfg = Debug|Any CPU
		{9C69FA3A-75C7-4224-99FA-E69EBDB825F7}.Debug|Any CPU.Build.0 = Debug|Any CPU
		{9C69FA3A-75C7-4224-99FA-E69EBDB825F7}.Release|Any CPU.ActiveCfg = Release|Any CPU
		{9C69FA3A-75C7-4224-99FA-E69EBDB825F7}.Release|Any CPU.Build.0 = Release|Any CPU
	EndGlobalSection
	GlobalSection(SolutionProperties) = preSolution
		HideSolutionNode = FALSE
	EndGlobalSection
	GlobalSection(NestedProjects) = preSolution
		{E04D7A31-320B-463E-898E-D4ACC3C4B76D} = {97F9CA3F-AB88-4730-A987-9037686C6468}
		{01CCB495-4C7F-46B4-BCF0-3406BD121F1E} = {E04D7A31-320B-463E-898E-D4ACC3C4B76D}
		{3EC3F572-C6D3-4BE5-9EC7-6B27C8C03FF8} = {97EF9E75-2F10-4A64-B897-B12811D3795B}
		{9CD88696-9C7A-4572-B9A7-0C15799F4F14} = {D6AF379D-40D4-46B5-812E-8DB80B528FD1}
		{72AC7825-6533-464A-9507-C497D2F894B4} = {97F9CA3F-AB88-4730-A987-9037686C6468}
		{C22CDD11-2E5D-41C2-8FEB-803A950631C0} = {72AC7825-6533-464A-9507-C497D2F894B4}
		{EB30E9DB-25FB-4B2E-80E8-08D6080123F0} = {97F9CA3F-AB88-4730-A987-9037686C6468}
		{B19207D7-D691-432A-B0B3-033201EB8D2F} = {EB30E9DB-25FB-4B2E-80E8-08D6080123F0}
		{E64C6A41-BB15-47CF-ACB1-8D5DF1020F5D} = {97F9CA3F-AB88-4730-A987-9037686C6468}
		{AA1F29D6-7888-4BA5-AFF5-075772FB9312} = {E64C6A41-BB15-47CF-ACB1-8D5DF1020F5D}
		{B643B7BC-ED88-418B-AAB5-CB780D173278} = {97F9CA3F-AB88-4730-A987-9037686C6468}
		{EF89B5B8-D612-4EF7-93CF-10223DFD422A} = {B643B7BC-ED88-418B-AAB5-CB780D173278}
		{199A8524-2AEC-4B8C-A711-6BE924C620B4} = {B643B7BC-ED88-418B-AAB5-CB780D173278}
		{5CC4714E-0A59-43FA-88A3-3D9A70C9E137} = {B643B7BC-ED88-418B-AAB5-CB780D173278}
		{3B808388-7EFD-4ED9-B4FC-578092EEE5C4} = {B643B7BC-ED88-418B-AAB5-CB780D173278}
		{9C69FA3A-75C7-4224-99FA-E69EBDB825F7} = {B643B7BC-ED88-418B-AAB5-CB780D173278}
	EndGlobalSection
	GlobalSection(ExtensibilityGlobals) = postSolution
		SolutionGuid = {9E2E2D22-B8F1-4279-B350-72C13DA3308F}
	EndGlobalSection
EndGlobal
